{
  "name": "llmgw-live-acceptance",
  "lockfileVersion": 3,
  "requires": true,
  "packages": {
    "": {
      "name": "llmgw-live-acceptance",
      "dependencies": {
        "@anthropic-ai/claude-code": "2.1.270",
        "playwright": "1.63.0"
      }
    },
    "node_modules/@anthropic-ai/claude-code": {
      "version": "2.1.270",
      "resolved": "https://registry.npmjs.org/@anthropic-ai/claude-code/-/claude-code-2.1.270.tgz",
      "integrity": "sha512-0zMkfIWQu7/SG56VP8r780HZWvrNShzK28AbAnhKRK0ns+ToGXPT0W8UqyZmZCUKAkJDd5//TrwSOhk1+hysiw==",
      "hasInstallScript": true,
      "license": "SEE LICENSE IN README.md",
      "bin": {
        "claude": "bin/claude.exe"
      },
      "engines": {
        "node": ">=22.0.0"
      },
      "optionalDependencies": {
        "@anthropic-ai/claude-code-darwin-arm64": "2.1.270",
        "@anthropic-ai/claude-code-darwin-x64": "2.1.270",
        "@anthropic-ai/claude-code-linux-arm64": "2.1.270",
        "@anthropic-ai/claude-code-linux-arm64-musl": "2.1.270",
        "@anthropic-ai/claude-code-linux-x64": "2.1.270",
        "@anthropic-ai/claude-code-linux-x64-musl": "2.1.270",
        "@anthropic-ai/claude-code-win32-arm64": "2.1.270",
        "@anthropic-ai/claude-code-win32-x64": "2.1.270"
      }
    },
    "node_modules/@anthropic-ai/claude-code-darwin-arm64": {
      "version": "2.1.270",
      "resolved": "https://registry.npmjs.org/@anthropic-ai/claude-code-darwin-arm64/-/claude-code-darwin-arm64-2.1.270.tgz",
      "integrity": "sha512-cfSXE9L21yhJilj8+PCpoV3jYNcS3/lnTOZDKoS27LAh+Un4HqyGecQWDXddDwL4TKPR/2Q9CyCjFqIFnSXSXg==",
      "cpu": [
        "arm64"
      ],
      "license": "SEE LICENSE IN LICENSE.md",
      "optional": true,
      "os": [
        "darwin"
      ]
    },
    "node_modules/@anthropic-ai/claude-code-darwin-x64": {
      "version": "2.1.270",
      "resolved": "https://registry.npmjs.org/@anthropic-ai/claude-code-darwin-x64/-/claude-code-darwin-x64-2.1.270.tgz",
      "integrity": "sha512-Dotq2NtywNxhkqdSVZoCRIAabrZRL9HE31hUjvMDWafR4N3JroQYyywHyjMk/8WI2GIM8M90ef/d4xIXTJ+Uyw==",
      "cpu": [
        "x64"
      ],
      "license": "SEE LICENSE IN LICENSE.md",
      "optional": true,
      "os": [
        "darwin"
      ]
    },
    "node_modules/@anthropic-ai/claude-code-linux-arm64": {
      "version": "2.1.270",
      "resolved": "https://registry.npmjs.org/@anthropic-ai/claude-code-linux-arm64/-/claude-code-linux-arm64-2.1.270.tgz",
      "integrity": "sha512-ByrnDr5s29glkjniJiYgnEVn/Qlc2xzodC+c/Cmg/SiFVPQrKtYGFFD8oO3MPFZVPddS+y15ESD3Jym1lUAv0A==",
      "cpu": [
        "arm64"
      ],
      "libc": [
        "glibc"
      ],
      "license": "SEE LICENSE IN LICENSE.md",
      "optional": true,
      "os": [
        "linux"
      ]
    },
    "node_modules/@anthropic-ai/claude-code-linux-arm64-musl": {
      "version": "2.1.270",
      "resolved": "https://registry.npmjs.org/@anthropic-ai/claude-code-linux-arm64-musl/-/claude-code-linux-arm64-musl-2.1.270.tgz",
      "integrity": "sha512-8QeMcNCn89vIlz09hhkZeoZbPHbpMfIXKIIwL3fW6hI49EQAGJGSgZK2YaD+LnWosrxw+6zJun7yMOecDp7wqA==",
      "cpu": [
        "arm64"
      ],
      "libc": [
        "musl"
      ],
      "license": "SEE LICENSE IN LICENSE.md",
      "optional": true,
      "os": [
        "linux"
      ]
    },
    "node_modules/@anthropic-ai/claude-code-linux-x64": {
      "version": "2.1.270",
      "resolved": "https://registry.npmjs.org/@anthropic-ai/claude-code-linux-x64/-/claude-code-linux-x64-2.1.270.tgz",
      "integrity": "sha512-DFwGNa5eSZ40UtoJ6TlyDQym1jdUkr+/YB7B0CN0maCPwzxJHvIG6gHMomdQRwj/Bd8XQyemCMIJVAscKjlhzQ==",
      "cpu": [
        "x64"
      ],
      "libc": [
        "glibc"
      ],
      "license": "SEE LICENSE IN LICENSE.md",
      "optional": true,
      "os": [
        "linux"
      ]
    },
    "node_modules/@anthropic-ai/claude-code-linux-x64-musl": {
      "version": "2.1.270",
      "resolved": "https://registry.npmjs.org/@anthropic-ai/claude-code-linux-x64-musl/-/claude-code-linux-x64-musl-2.1.270.tgz",
      "integrity": "sha512-N7bwnyH9ZChmRHCtTLEqsrzFxYatEj5z43g3JtDzYNz4cBrycRcQk5Yevt26SolLqh7V6Wl8bLPplKalB+Eq7g==",
      "cpu": [
        "x64"
      ],
      "libc": [
        "musl"
      ],
      "license": "SEE LICENSE IN LICENSE.md",
      "optional": true,
      "os": [
        "linux"
      ]
    },
    "node_modules/@anthropic-ai/claude-code-win32-arm64": {
      "version": "2.1.270",
      "resolved": "https://registry.npmjs.org/@anthropic-ai/claude-code-win32-arm64/-/claude-code-win32-arm64-2.1.270.tgz",
      "integrity": "sha512-rDX878z9zfozGYAj0rx6jb7CUao3cUvzNga8gawq4q3xnlvugb/IuiqslnkxUen7VEevLcNMRS5CxKT3GzhsFg==",
      "cpu": [
        "arm64"
      ],
      "license": "SEE LICENSE IN LICENSE.md",
      "optional": true,
      "os": [
        "win32"
      ]
    },
    "node_modules/@anthropic-ai/claude-code-win32-x64": {
      "version": "2.1.270",
      "resolved": "https://registry.npmjs.org/@anthropic-ai/claude-code-win32-x64/-/claude-code-win32-x64-2.1.270.tgz",
      "integrity": "sha512-nEh52Ei6RHZzJv0CkdWWk6TClyy1Y5yGXPXMNRWNtIfRsqTFeQV49018PC1qN0vOLvxr/DVllimmwD/h07iTXw==",
      "cpu": [
        "x64"
      ],
      "license": "SEE LICENSE IN LICENSE.md",
      "optional": true,
      "os": [
        "win32"
      ]
    },
    "node_modules/playwright": {
      "version": "1.63.0",
      "resolved": "https://registry.npmjs.org/playwright/-/playwright-1.63.0.tgz",
      "integrity": "sha512-+7ziBLidS4NaNCdt57SUDT+wYmmd5fmiQejUic/kb+YsYSCPyOOE9sebzMjNmQrsnNpDJqd4WHvV/8lfKfUDUg==",
      "license": "Apache-2.0",
      "dependencies": {
        "playwright-core": "1.63.0"
      },
      "bin": {
        "playwright": "cli.js"
      },
      "engines": {
        "node": ">=20"
      }
    },
    "node_modules/playwright-core": {
      "version": "1.63.0",
      "resolved": "https://registry.npmjs.org/playwright-core/-/playwright-core-1.63.0.tgz",
      "integrity": "sha512-rYCsBF/M5HjUch52bbtVONEFjv6Xu8sm8h72dNlR5bzIE1fvC/bxgspzkjSfU+MweEMmPM8KJebG6nnyxo5mCg==",
      "license": "Apache-2.0",
      "bin": {
        "playwright-core": "cli.js"
      },
      "engines": {
        "node": ">=20"
      }
    }
  }
}
