{
  "name": "llmgw-live-acceptance",
  "lockfileVersion": 3,
  "requires": true,
  "packages": {
    "": {
      "name": "llmgw-live-acceptance",
      "dependencies": {
        "@anthropic-ai/claude-code": "2.1.286",
        "playwright": "1.63.0"
      }
    },
    "node_modules/@anthropic-ai/claude-code": {
      "version": "2.1.286",
      "resolved": "https://registry.npmjs.org/@anthropic-ai/claude-code/-/claude-code-2.1.286.tgz",
      "integrity": "sha512-5UNEDKy2znv81PWqNqgPJO4qPqH5NRenh52XTtx2tT5Q6xIxjI1q0RyucY+AUHMABImzDOlh6ztuj4qNiAaRvA==",
      "hasInstallScript": true,
      "license": "SEE LICENSE IN README.md",
      "bin": {
        "claude": "bin/claude.exe"
      },
      "engines": {
        "node": ">=22.0.0"
      },
      "optionalDependencies": {
        "@anthropic-ai/claude-code-darwin-arm64": "2.1.286",
        "@anthropic-ai/claude-code-darwin-x64": "2.1.286",
        "@anthropic-ai/claude-code-linux-arm64": "2.1.286",
        "@anthropic-ai/claude-code-linux-arm64-musl": "2.1.286",
        "@anthropic-ai/claude-code-linux-x64": "2.1.286",
        "@anthropic-ai/claude-code-linux-x64-musl": "2.1.286",
        "@anthropic-ai/claude-code-win32-arm64": "2.1.286",
        "@anthropic-ai/claude-code-win32-x64": "2.1.286"
      }
    },
    "node_modules/@anthropic-ai/claude-code-darwin-arm64": {
      "version": "2.1.286",
      "resolved": "https://registry.npmjs.org/@anthropic-ai/claude-code-darwin-arm64/-/claude-code-darwin-arm64-2.1.286.tgz",
      "integrity": "sha512-QlU1+S7cNO1BKzlMJGRR/ZqdsP6c3+QAA2u9EX7dTO6HUo1/RAenn/q+mlyX60MZzTZOjPkAmTt77eYrH1IAwg==",
      "cpu": [
        "arm64"
      ],
      "license": "SEE LICENSE IN LICENSE.md",
      "optional": true,
      "os": [
        "darwin"
      ]
    },
    "node_modules/@anthropic-ai/claude-code-darwin-x64": {
      "version": "2.1.286",
      "resolved": "https://registry.npmjs.org/@anthropic-ai/claude-code-darwin-x64/-/claude-code-darwin-x64-2.1.286.tgz",
      "integrity": "sha512-RlnglbMpkdvIdKzPphXI+KMwXefKpMJXYGpGAfpTI6XvkDcjgj5j8WXxvoySyl2qTetWOEqjkFB/V8rtW4qp4g==",
      "cpu": [
        "x64"
      ],
      "license": "SEE LICENSE IN LICENSE.md",
      "optional": true,
      "os": [
        "darwin"
      ]
    },
    "node_modules/@anthropic-ai/claude-code-linux-arm64": {
      "version": "2.1.286",
      "resolved": "https://registry.npmjs.org/@anthropic-ai/claude-code-linux-arm64/-/claude-code-linux-arm64-2.1.286.tgz",
      "integrity": "sha512-dHQ/ObyC4jaGHVk+gFE8P8PALMIVLhQSyhiC3y3kkuLp0H0MHgLxHt/srQ3zJs892ClDbtl1swxv4bw1ioruZA==",
      "cpu": [
        "arm64"
      ],
      "libc": [
        "glibc"
      ],
      "license": "SEE LICENSE IN LICENSE.md",
      "optional": true,
      "os": [
        "linux"
      ]
    },
    "node_modules/@anthropic-ai/claude-code-linux-arm64-musl": {
      "version": "2.1.286",
      "resolved": "https://registry.npmjs.org/@anthropic-ai/claude-code-linux-arm64-musl/-/claude-code-linux-arm64-musl-2.1.286.tgz",
      "integrity": "sha512-FZVGE3iU0eFRudjgyooGRsPAUqjqlcJ4dq64g4HDp9Wg6FsUpDFpVsKn9S6phSXogwSyMU3SfiI9oOTKvw4wVA==",
      "cpu": [
        "arm64"
      ],
      "libc": [
        "musl"
      ],
      "license": "SEE LICENSE IN LICENSE.md",
      "optional": true,
      "os": [
        "linux"
      ]
    },
    "node_modules/@anthropic-ai/claude-code-linux-x64": {
      "version": "2.1.286",
      "resolved": "https://registry.npmjs.org/@anthropic-ai/claude-code-linux-x64/-/claude-code-linux-x64-2.1.286.tgz",
      "integrity": "sha512-PnVL8ZCEev3IexLeOc9/QRfqRDUZRgnsaMLdpjlBN0VaieeTrf7mZ2JJi29ue2KAqHvq6SsOadU5G/shnFE4MA==",
      "cpu": [
        "x64"
      ],
      "libc": [
        "glibc"
      ],
      "license": "SEE LICENSE IN LICENSE.md",
      "optional": true,
      "os": [
        "linux"
      ]
    },
    "node_modules/@anthropic-ai/claude-code-linux-x64-musl": {
      "version": "2.1.286",
      "resolved": "https://registry.npmjs.org/@anthropic-ai/claude-code-linux-x64-musl/-/claude-code-linux-x64-musl-2.1.286.tgz",
      "integrity": "sha512-+jDoHSkrSoucNqsnwQP/bioMEb39r3pBxn0sZPA7MINUZUBdrdG87nr/lzXxEAHaqspWvHMLaWMtmduEg4cIhg==",
      "cpu": [
        "x64"
      ],
      "libc": [
        "musl"
      ],
      "license": "SEE LICENSE IN LICENSE.md",
      "optional": true,
      "os": [
        "linux"
      ]
    },
    "node_modules/@anthropic-ai/claude-code-win32-arm64": {
      "version": "2.1.286",
      "resolved": "https://registry.npmjs.org/@anthropic-ai/claude-code-win32-arm64/-/claude-code-win32-arm64-2.1.286.tgz",
      "integrity": "sha512-d1pLr6/Z+/y4J+9j2AwpsfkKlGzf93cA2nfCbSqV81rciTCZpYYMKG1T0AhtJ2RbfQFicO1/rl1XdLOZAHZn0w==",
      "cpu": [
        "arm64"
      ],
      "license": "SEE LICENSE IN LICENSE.md",
      "optional": true,
      "os": [
        "win32"
      ]
    },
    "node_modules/@anthropic-ai/claude-code-win32-x64": {
      "version": "2.1.286",
      "resolved": "https://registry.npmjs.org/@anthropic-ai/claude-code-win32-x64/-/claude-code-win32-x64-2.1.286.tgz",
      "integrity": "sha512-Cvq6m1e2eP0p47Ze+b6rw+DjXMhLCcT9g8ZKfFDxT0NB9d9mjHcNs6Qjb1oTqbO6AsN3Ie1DIqWt50J7kboz7g==",
      "cpu": [
        "x64"
      ],
      "license": "SEE LICENSE IN LICENSE.md",
      "optional": true,
      "os": [
        "win32"
      ]
    },
    "node_modules/playwright": {
      "version": "1.63.0",
      "resolved": "https://registry.npmjs.org/playwright/-/playwright-1.63.0.tgz",
      "integrity": "sha512-+7ziBLidS4NaNCdt57SUDT+wYmmd5fmiQejUic/kb+YsYSCPyOOE9sebzMjNmQrsnNpDJqd4WHvV/8lfKfUDUg==",
      "license": "Apache-2.0",
      "dependencies": {
        "playwright-core": "1.63.0"
      },
      "bin": {
        "playwright": "cli.js"
      },
      "engines": {
        "node": ">=20"
      }
    },
    "node_modules/playwright-core": {
      "version": "1.63.0",
      "resolved": "https://registry.npmjs.org/playwright-core/-/playwright-core-1.63.0.tgz",
      "integrity": "sha512-rYCsBF/M5HjUch52bbtVONEFjv6Xu8sm8h72dNlR5bzIE1fvC/bxgspzkjSfU+MweEMmPM8KJebG6nnyxo5mCg==",
      "license": "Apache-2.0",
      "bin": {
        "playwright-core": "cli.js"
      },
      "engines": {
        "node": ">=20"
      }
    }
  }
}
